
Microsoft Visual Studio Solution File, Format Version 12.00
# Visual Studio 2017
Project("{FAE04EC0-301F-11D3-BF4B-00C04F79EFBC}") = "Arproject", "Arproject.csproj", "{83522B7C-2857-5029-02CC-164690BCDA19}"
EndProject
Project("{FAE04EC0-301F-11D3-BF4B-00C04F79EFBC}") = "Arproject.Editor", "Arproject.Editor.csproj", "{ECCCA7D6-B4B5-4BC3-646C-4A22B90540BE}"
EndProject
Global
	GlobalSection(SolutionConfigurationPlatforms) = preSolution
		Debug|Any CPU = Debug|Any CPU
		Release|Any CPU = Release|Any CPU
	EndGlobalSection
	GlobalSection(ProjectConfigurationPlatforms) = postSolution
		{83522B7C-2857-5029-02CC-164690BCDA19}.Debug|Any CPU.ActiveCfg = Debug|Any CPU
		{83522B7C-2857-5029-02CC-164690BCDA19}.Debug|Any CPU.Build.0 = Debug|Any CPU
		{83522B7C-2857-5029-02CC-164690BCDA19}.Release|Any CPU.ActiveCfg = Release|Any CPU
		{83522B7C-2857-5029-02CC-164690BCDA19}.Release|Any CPU.Build.0 = Release|Any CPU
		{ECCCA7D6-B4B5-4BC3-646C-4A22B90540BE}.Debug|Any CPU.ActiveCfg = Debug|Any CPU
		{ECCCA7D6-B4B5-4BC3-646C-4A22B90540BE}.Debug|Any CPU.Build.0 = Debug|Any CPU
		{ECCCA7D6-B4B5-4BC3-646C-4A22B90540BE}.Release|Any CPU.ActiveCfg = Release|Any CPU
		{ECCCA7D6-B4B5-4BC3-646C-4A22B90540BE}.Release|Any CPU.Build.0 = Release|Any CPU
	EndGlobalSection
	GlobalSection(SolutionProperties) = preSolution
		HideSolutionNode = FALSE
	EndGlobalSection
EndGlobal
